
Microsoft Visual Studio Solution File, Format Version 12.00
# Visual Studio 14
VisualStudioVersion = 14.0.25420.1
MinimumVisualStudioVersion = 10.0.40219.1
Project("{FAE04EC0-301F-11D3-BF4B-00C04F79EFBC}") = "Demo", "Demo\Demo.csproj", "{5694C661-59CF-4BD7-A39D-A3FC95D3A598}"
EndProject
Project("{FAE04EC0-301F-11D3-BF4B-00C04F79EFBC}") = "MySqlDemo", "MySqlDemo\MySqlDemo.csproj", "{4B03C715-9CCE-410E-8216-01543EBBA4A6}"
EndProject
Project("{FAE04EC0-301F-11D3-BF4B-00C04F79EFBC}") = "MySqlCustomDemo", "MySqlCustomDemo\MySqlCustomDemo.csproj", "{8CA73641-4CCC-41A0-9271-D5EE9D442F23}"
EndProject
Global
	GlobalSection(SolutionConfigurationPlatforms) = preSolution
		Debug|Any CPU = Debug|Any CPU
		Release|Any CPU = Release|Any CPU
	EndGlobalSection
	GlobalSection(ProjectConfigurationPlatforms) = postSolution
		{5694C661-59CF-4BD7-A39D-A3FC95D3A598}.Debug|Any CPU.ActiveCfg = Debug|Any CPU
		{5694C661-59CF-4BD7-A39D-A3FC95D3A598}.Debug|Any CPU.Build.0 = Debug|Any CPU
		{5694C661-59CF-4BD7-A39D-A3FC95D3A598}.Release|Any CPU.ActiveCfg = Release|Any CPU
		{5694C661-59CF-4BD7-A39D-A3FC95D3A598}.Release|Any CPU.Build.0 = Release|Any CPU
		{4B03C715-9CCE-410E-8216-01543EBBA4A6}.Debug|Any CPU.ActiveCfg = Debug|Any CPU
		{4B03C715-9CCE-410E-8216-01543EBBA4A6}.Debug|Any CPU.Build.0 = Debug|Any CPU
		{4B03C715-9CCE-410E-8216-01543EBBA4A6}.Release|Any CPU.ActiveCfg = Release|Any CPU
		{4B03C715-9CCE-410E-8216-01543EBBA4A6}.Release|Any CPU.Build.0 = Release|Any CPU
		{8CA73641-4CCC-41A0-9271-D5EE9D442F23}.Debug|Any CPU.ActiveCfg = Debug|Any CPU
		{8CA73641-4CCC-41A0-9271-D5EE9D442F23}.Debug|Any CPU.Build.0 = Debug|Any CPU
		{8CA73641-4CCC-41A0-9271-D5EE9D442F23}.Release|Any CPU.ActiveCfg = Release|Any CPU
		{8CA73641-4CCC-41A0-9271-D5EE9D442F23}.Release|Any CPU.Build.0 = Release|Any CPU
	EndGlobalSection
	GlobalSection(SolutionProperties) = preSolution
		HideSolutionNode = FALSE
	EndGlobalSection
EndGlobal
